# THIS IS AN AUTOGENERATED FILE. DO NOT EDIT THIS FILE DIRECTLY.
# yarn lockfile v1


"@esbuild/darwin-arm64@0.27.2":
  version "0.27.2"
  resolved "https://registry.npmjs.org/@esbuild/darwin-arm64/-/darwin-arm64-0.27.2.tgz"
  integrity sha512-davCD2Zc80nzDVRwXTcQP/28fiJbcOwvdolL0sOiOsbwBa72kegmVU0Wrh1MYrbuCL98Omp5dVhQFWRKR2ZAlg==

"@types/figlet@^1.5.8":
  version "1.7.0"
  resolved "https://registry.npmjs.org/@types/figlet/-/figlet-1.7.0.tgz"
  integrity sha512-KwrT7p/8Eo3Op/HBSIwGXOsTZKYiM9NpWRBJ5sVjWP/SmlS+oxxRvJht/FNAtliJvja44N3ul1yATgohnVBV0Q==

"@types/node@^20.11.0":
  version "20.19.27"
  resolved "https://registry.npmjs.org/@types/node/-/node-20.19.27.tgz"
  integrity sha512-N2clP5pJhB2YnZJ3PIHFk5RkygRX5WO/5f0WC08tp0wd+sv0rsJk3MqWn3CbNmT2J505a5336jaQj4ph1AdMug==
  dependencies:
    undici-types "~6.21.0"

"@types/yargs-parser@*":
  version "21.0.3"
  resolved "https://registry.npmjs.org/@types/yargs-parser/-/yargs-parser-21.0.3.tgz"
  integrity sha512-I4q9QU9MQv4oEOz4tAHJtNz1cwuLxn2F3xcc2iV5WdqLPpUnj30aUuxt1mAxYTG+oe8CZMV/+6rU4S4gRDzqtQ==

"@types/yargs@^17.0.32":
  version "17.0.35"
  resolved "https://registry.npmjs.org/@types/yargs/-/yargs-17.0.35.tgz"
  integrity sha512-qUHkeCyQFxMXg79wQfTtfndEC+N9ZZg76HJftDJp+qH2tV7Gj4OJi7l+PiWwJ+pWtW8GwSmqsDj/oymhrTWXjg==
  dependencies:
    "@types/yargs-parser" "*"

ansi-regex@^5.0.1:
  version "5.0.1"
  resolved "https://registry.npmjs.org/ansi-regex/-/ansi-regex-5.0.1.tgz"
  integrity sha512-quJQXlTSUGL2LH9SUXo8VwsY4soanhgo6LNSm84E1LBcE8s3O0wpdiRzyR9z/ZZJMlMWv37qOOb9pdJlMUEKFQ==

ansi-styles@^4.0.0, ansi-styles@^4.1.0:
  version "4.3.0"
  resolved "https://registry.npmjs.org/ansi-styles/-/ansi-styles-4.3.0.tgz"
  integrity sha512-zbB9rCJAT1rbjiVDb2hqKFHNYLxgtk8NURxZ3IZwD3F6NtxbXZQCnnSi1Lkx+IDohdPlFp222wVALIheZJQSEg==
  dependencies:
    color-convert "^2.0.1"

chalk@^4.1.2:
  version "4.1.2"
  resolved "https://registry.npmjs.org/chalk/-/chalk-4.1.2.tgz"
  integrity sha512-oKnbhFyRIXpUuez8iBMmyEa4nbj4IOQyuhc/wy9kY7/WVPcwIO9VA668Pu8RkO7+0G76SLROeyw9CpQ061i4mA==
  dependencies:
    ansi-styles "^4.1.0"
    supports-color "^7.1.0"

cliui@^8.0.1:
  version "8.0.1"
  resolved "https://registry.npmjs.org/cliui/-/cliui-8.0.1.tgz"
  integrity sha512-BSeNnyus75C4//NQ9gQt1/csTXyo/8Sb+afLAkzAptFuMsod9HFokGNudZpi/oQV73hnVK+sR+5PVRMd+Dr7YQ==
  dependencies:
    string-width "^4.2.0"
    strip-ansi "^6.0.1"
    wrap-ansi "^7.0.0"

color-convert@^2.0.1:
  version "2.0.1"
  resolved "https://registry.npmjs.org/color-convert/-/color-convert-2.0.1.tgz"
  integrity sha512-RRECPsj7iu/xb5oKYcsFHSppFNnsj/52OVTRKb4zP5onXwVF3zVmmToNcOfGC+CRDpfK/U584fMg38ZHCaElKQ==
  dependencies:
    color-name "~1.1.4"

color-name@~1.1.4:
  version "1.1.4"
  resolved "https://registry.npmjs.org/color-name/-/color-name-1.1.4.tgz"
  integrity sha512-dOy+3AuW3a2wNbZHIuMZpTcgjGuLU/uBL/ubcZF9OXbDo8ff4O8yVp5Bf0efS8uEoYo5q4Fx7dY9OgQGXgAsQA==

commander@^14.0.0:
  version "14.0.2"
  resolved "https://registry.npmjs.org/commander/-/commander-14.0.2.tgz"
  integrity sha512-TywoWNNRbhoD0BXs1P3ZEScW8W5iKrnbithIl0YH+uCmBd0QpPOA8yc82DS3BIE5Ma6FnBVUsJ7wVUDz4dvOWQ==

emoji-regex@^8.0.0:
  version "8.0.0"
  resolved "https://registry.npmjs.org/emoji-regex/-/emoji-regex-8.0.0.tgz"
  integrity sha512-MSjYzcWNOA0ewAHpz0MxpYFvwg6yjy1NG3xteoqz644VCo/RPgnr1/GGt+ic3iJTzQ8Eu3TdM14SawnVUmGE6A==

esbuild@~0.27.0:
  version "0.27.2"
  resolved "https://registry.npmjs.org/esbuild/-/esbuild-0.27.2.tgz"
  integrity sha512-HyNQImnsOC7X9PMNaCIeAm4ISCQXs5a5YasTXVliKv4uuBo1dKrG0A+uQS8M5eXjVMnLg3WgXaKvprHlFJQffw==
  optionalDependencies:
    "@esbuild/aix-ppc64" "0.27.2"
    "@esbuild/android-arm" "0.27.2"
    "@esbuild/android-arm64" "0.27.2"
    "@esbuild/android-x64" "0.27.2"
    "@esbuild/darwin-arm64" "0.27.2"
    "@esbuild/darwin-x64" "0.27.2"
    "@esbuild/freebsd-arm64" "0.27.2"
    "@esbuild/freebsd-x64" "0.27.2"
    "@esbuild/linux-arm" "0.27.2"
    "@esbuild/linux-arm64" "0.27.2"
    "@esbuild/linux-ia32" "0.27.2"
    "@esbuild/linux-loong64" "0.27.2"
    "@esbuild/linux-mips64el" "0.27.2"
    "@esbuild/linux-ppc64" "0.27.2"
    "@esbuild/linux-riscv64" "0.27.2"
    "@esbuild/linux-s390x" "0.27.2"
    "@esbuild/linux-x64" "0.27.2"
    "@esbuild/netbsd-arm64" "0.27.2"
    "@esbuild/netbsd-x64" "0.27.2"
    "@esbuild/openbsd-arm64" "0.27.2"
    "@esbuild/openbsd-x64" "0.27.2"
    "@esbuild/openharmony-arm64" "0.27.2"
    "@esbuild/sunos-x64" "0.27.2"
    "@esbuild/win32-arm64" "0.27.2"
    "@esbuild/win32-ia32" "0.27.2"
    "@esbuild/win32-x64" "0.27.2"

escalade@^3.1.1:
  version "3.2.0"
  resolved "https://registry.npmjs.org/escalade/-/escalade-3.2.0.tgz"
  integrity sha512-WUj2qlxaQtO4g6Pq5c29GTcWGDyd8itL8zTlipgECz3JesAiiOKotd8JU6otB3PACgG6xkJUyVhboMS+bje/jA==

figlet@^1.7.0:
  version "1.9.4"
  resolved "https://registry.npmjs.org/figlet/-/figlet-1.9.4.tgz"
  integrity sha512-uN6QE+TrzTAHC1IWTyrc4FfGo2KH/82J8Jl1tyKB7+z5DBit/m3D++Iu5lg91qJMnQQ3vpJrj5gxcK/pk4R9tQ==
  dependencies:
    commander "^14.0.0"

fsevents@~2.3.3:
  version "2.3.3"
  resolved "https://registry.npmjs.org/fsevents/-/fsevents-2.3.3.tgz"
  integrity sha512-5xoDfX+fL7faATnagmWPpbFtwh/R77WmMMqqHGS65C3vvB0YHrgF+B1YmZ3441tMj5n63k0212XNoJwzlhffQw==

get-caller-file@^2.0.5:
  version "2.0.5"
  resolved "https://registry.npmjs.org/get-caller-file/-/get-caller-file-2.0.5.tgz"
  integrity sha512-DyFP3BM/3YHTQOCUL/w0OZHR0lpKeGrxotcHWcqNEdnltqFwXVfhEBQ94eIo34AfQpo0rGki4cyIiftY06h2Fg==

get-tsconfig@^4.7.5:
  version "4.13.0"
  resolved "https://registry.npmjs.org/get-tsconfig/-/get-tsconfig-4.13.0.tgz"
  integrity sha512-1VKTZJCwBrvbd+Wn3AOgQP/2Av+TfTCOlE4AcRJE72W1ksZXbAx8PPBR9RzgTeSPzlPMHrbANMH3LbltH73wxQ==
  dependencies:
    resolve-pkg-maps "^1.0.0"

has-flag@^4.0.0:
  version "4.0.0"
  resolved "https://registry.npmjs.org/has-flag/-/has-flag-4.0.0.tgz"
  integrity sha512-EykJT/Q1KjTWctppgIAgfSO0tKVuZUjhgMr17kqTumMl6Afv3EISleU7qZUzoXDFTAHTDC4NOoG/ZxU3EvlMPQ==

is-fullwidth-code-point@^3.0.0:
  version "3.0.0"
  resolved "https://registry.npmjs.org/is-fullwidth-code-point/-/is-fullwidth-code-point-3.0.0.tgz"
  integrity sha512-zymm5+u+sCsSWyD9qNaejV3DFvhCKclKdizYaJUuHA83RLjb7nSuGnddCHGv0hk+KY7BMAlsWeK4Ueg6EV6XQg==

require-directory@^2.1.1:
  version "2.1.1"
  resolved "https://registry.npmjs.org/require-directory/-/require-directory-2.1.1.tgz"
  integrity sha512-fGxEI7+wsG9xrvdjsrlmL22OMTTiHRwAMroiEeMgq8gzoLC/PQr7RsRDSTLUg/bZAZtF+TVIkHc6/4RIKrui+Q==

resolve-pkg-maps@^1.0.0:
  version "1.0.0"
  resolved "https://registry.npmjs.org/resolve-pkg-maps/-/resolve-pkg-maps-1.0.0.tgz"
  integrity sha512-seS2Tj26TBVOC2NIc2rOe2y2ZO7efxITtLZcGSOnHHNOQ7CkiUBfw0Iw2ck6xkIhPwLhKNLS8BO+hEpngQlqzw==

string-width@^4.1.0, string-width@^4.2.0, string-width@^4.2.3:
  version "4.2.3"
  resolved "https://registry.npmjs.org/string-width/-/string-width-4.2.3.tgz"
  integrity sha512-wKyQRQpjJ0sIp62ErSZdGsjMJWsap5oRNihHhu6G7JVO/9jIB6UyevL+tXuOqrng8j/cxKTWyWUwvSTriiZz/g==
  dependencies:
    emoji-regex "^8.0.0"
    is-fullwidth-code-point "^3.0.0"
    strip-ansi "^6.0.1"

strip-ansi@^6.0.0, strip-ansi@^6.0.1:
  version "6.0.1"
  resolved "https://registry.npmjs.org/strip-ansi/-/strip-ansi-6.0.1.tgz"
  integrity sha512-Y38VPSHcqkFrCpFnQ9vuSXmquuv5oXOKpGeT6aGrr3o3Gc9AlVa6JBfUSOCnbxGGZF+/0ooI7KrPuUSztUdU5A==
  dependencies:
    ansi-regex "^5.0.1"

supports-color@^7.1.0:
  version "7.2.0"
  resolved "https://registry.npmjs.org/supports-color/-/supports-color-7.2.0.tgz"
  integrity sha512-qpCAvRl9stuOHveKsn7HncJRvv501qIacKzQlO/+Lwxc9+0q2wLyv4Dfvt80/DPn2pqOBsJdDiogXGR9+OvwRw==
  dependencies:
    has-flag "^4.0.0"

tsx@^4.7.0:
  version "4.21.0"
  resolved "https://registry.npmjs.org/tsx/-/tsx-4.21.0.tgz"
  integrity sha512-5C1sg4USs1lfG0GFb2RLXsdpXqBSEhAaA/0kPL01wxzpMqLILNxIxIOKiILz+cdg/pLnOUxFYOR5yhHU666wbw==
  dependencies:
    esbuild "~0.27.0"
    get-tsconfig "^4.7.5"
  optionalDependencies:
    fsevents "~2.3.3"

typescript@^5.3.3:
  version "5.9.3"
  resolved "https://registry.npmjs.org/typescript/-/typescript-5.9.3.tgz"
  integrity sha512-jl1vZzPDinLr9eUt3J/t7V6FgNEw9QjvBPdysz9KfQDD41fQrC2Y4vKQdiaUpFT4bXlb1RHhLpp8wtm6M5TgSw==

undici-types@~6.21.0:
  version "6.21.0"
  resolved "https://registry.npmjs.org/undici-types/-/undici-types-6.21.0.tgz"
  integrity sha512-iwDZqg0QAGrg9Rav5H4n0M64c3mkR59cJ6wQp+7C4nI0gsmExaedaYLNO44eT4AtBBwjbTiGPMlt2Md0T9H9JQ==

wrap-ansi@^7.0.0:
  version "7.0.0"
  resolved "https://registry.npmjs.org/wrap-ansi/-/wrap-ansi-7.0.0.tgz"
  integrity sha512-YVGIj2kamLSTxw6NsZjoBxfSwsn0ycdesmc4p+Q21c5zPuZ1pl+NfxVdxPtdHvmNVOQ6XSYG4AUtyt/Fi7D16Q==
  dependencies:
    ansi-styles "^4.0.0"
    string-width "^4.1.0"
    strip-ansi "^6.0.0"

y18n@^5.0.5:
  version "5.0.8"
  resolved "https://registry.npmjs.org/y18n/-/y18n-5.0.8.tgz"
  integrity sha512-0pfFzegeDWJHJIAmTLRP2DwHjdF5s7jo9tuztdQxAhINCdvS+3nGINqPd00AphqJR/0LhANUS6/+7SCb98YOfA==

yaml@^2.3.4:
  version "2.8.2"
  resolved "https://registry.npmjs.org/yaml/-/yaml-2.8.2.tgz"
  integrity sha512-mplynKqc1C2hTVYxd0PU2xQAc22TI1vShAYGksCCfxbn/dFwnHTNi1bvYsBTkhdUNtGIf5xNOg938rrSSYvS9A==

yargs-parser@^21.1.1:
  version "21.1.1"
  resolved "https://registry.npmjs.org/yargs-parser/-/yargs-parser-21.1.1.tgz"
  integrity sha512-tVpsJW7DdjecAiFpbIB1e3qxIQsE6NoPc5/eTdrbbIC4h0LVsWhnoa3g+m2HclBIujHzsxZ4VJVA+GUuc2/LBw==

yargs@^17.7.2:
  version "17.7.2"
  resolved "https://registry.npmjs.org/yargs/-/yargs-17.7.2.tgz"
  integrity sha512-7dSzzRQ++CKnNI/krKnYRV7JKKPUXMEh61soaHKg9mrWEhzFWhFnxPxGl+69cD1Ou63C13NUPCnmIcrvqCuM6w==
  dependencies:
    cliui "^8.0.1"
    escalade "^3.1.1"
    get-caller-file "^2.0.5"
    require-directory "^2.1.1"
    string-width "^4.2.3"
    y18n "^5.0.5"
    yargs-parser "^21.1.1"
